# This file is automatically @generated by Cargo.
# It is not intended for manual editing.
version = 4

[[package]]
name = "example"
version = "0.1.0"
dependencies = [
 "tinystorm",
]

[[package]]
name = "tinystorm"
version = "0.1.1"
source = "git+https://github.com/pipangry/tinystorm#9c3e639c5ced311cf9176a14f104757c8bd09a77"
