# This file is automatically @generated by Cargo.
# It is not intended for manual editing.
version = 4

[[package]]
name = "example"
version = "0.1.0"
dependencies = [
 "tinystorm",
]

[[package]]
name = "tinystorm"
version = "0.1.2"
source = "git+https://github.com/pipangry/tinystorm#a1f313df9489250aa612c26cdffd776638cb6cea"
