# This file is automatically @generated by Cargo.
# It is not intended for manual editing.
version = 4

[[package]]
name = "cli"
version = "0.1.0"
dependencies = [
 "tinystorm",
]

[[package]]
name = "tinystorm"
version = "0.1.0"
source = "git+https://github.com/pipangry/tinystorm#53e9029360f726721e028e2f70e1ee6250e23fb2"
