# This file is automatically @generated by Cargo.
# It is not intended for manual editing.
version = 4

[[package]]
name = "cli"
version = "0.1.0"
dependencies = [
 "tinystorm",
]

[[package]]
name = "tinystorm"
version = "0.1.0"
source = "git+https://github.com/pipangry/tinystorm#283cf8e3e0f65480c1825b4634a72c04ce2fda7c"
